
Microsoft Visual Studio Solution File, Format Version 12.00
# Visual Studio 15
VisualStudioVersion = 15.0.27428.2037
MinimumVisualStudioVersion = 10.0.40219.1
Project("{FAE04EC0-301F-11D3-BF4B-00C04F79EFBC}") = "RedSpider", "RedSpider\RedSpider.csproj", "{A4A8C6FB-FC3A-41EB-B941-CD3E58775C29}"
EndProject
Global
	GlobalSection(SolutionConfigurationPlatforms) = preSolution
		Debug|Any CPU = Debug|Any CPU
		Release|Any CPU = Release|Any CPU
	EndGlobalSection
	GlobalSection(ProjectConfigurationPlatforms) = postSolution
		{A4A8C6FB-FC3A-41EB-B941-CD3E58775C29}.Debug|Any CPU.ActiveCfg = Debug|Any CPU
		{A4A8C6FB-FC3A-41EB-B941-CD3E58775C29}.Debug|Any CPU.Build.0 = Debug|Any CPU
		{A4A8C6FB-FC3A-41EB-B941-CD3E58775C29}.Release|Any CPU.ActiveCfg = Release|Any CPU
		{A4A8C6FB-FC3A-41EB-B941-CD3E58775C29}.Release|Any CPU.Build.0 = Release|Any CPU
	EndGlobalSection
	GlobalSection(SolutionProperties) = preSolution
		HideSolutionNode = FALSE
	EndGlobalSection
	GlobalSection(ExtensibilityGlobals) = postSolution
		SolutionGuid = {B69D268F-A247-45BC-8D5A-8D6314D9EB95}
	EndGlobalSection
EndGlobal
